# This file is automatically @generated by Cargo.
# It is not intended for manual editing.
version = 4

[[package]]
name = "cl-sys"
version = "0.4.3"
source = "registry+https://github.com/rust-lang/crates.io-index"
checksum = "4febd824a957638c066180fbf72b2bed5bcee33740773f3dc59fe91f0a3e6595"
dependencies = [
 "libc",
]

[[package]]
name = "cl3"
version = "0.4.4"
source = "registry+https://github.com/rust-lang/crates.io-index"
checksum = "a120623848b1af3824734f4f7d8e60e43b9c0cfe86f179a337e383e47234997a"
dependencies = [
 "cl-sys",
 "libc",
]

[[package]]
name = "common"
version = "0.1.0"

[[package]]
name = "integral_opencl"
version = "0.1.0"
dependencies = [
 "common",
 "opencl3",
]

[[package]]
name = "libc"
version = "0.2.175"
source = "registry+https://github.com/rust-lang/crates.io-index"
checksum = "6a82ae493e598baaea5209805c49bbf2ea7de956d50d7da0da1164f9c6d28543"

[[package]]
name = "opencl3"
version = "0.3.1"
source = "registry+https://github.com/rust-lang/crates.io-index"
checksum = "119da256d7ae76693cb72acf2fa68f35693de0ccbc7ceead6ff332daed9682ef"
dependencies = [
 "cl3",
 "libc",
]
